
Microsoft Visual Studio Solution File, Format Version 12.00
# Visual Studio Version 17
VisualStudioVersion = 17.11.35219.272
MinimumVisualStudioVersion = 10.0.40219.1
Project("{9A19103F-16F7-4668-BE54-9A1E7A4F7556}") = "Downloads.API", "Downloads.API\Downloads.API.csproj", "{DF402F98-FC68-45E5-81C7-82933E604287}"
EndProject
Project("{FAE04EC0-301F-11D3-BF4B-00C04F79EFBC}") = "Downloads.Scheduler", "Downloads.Scheduler\Downloads.Scheduler.csproj", "{D884ADC0-E17F-4ABD-B943-40C04BCF167E}"
EndProject
Project("{FAE04EC0-301F-11D3-BF4B-00C04F79EFBC}") = "Downloads.Storage", "Downloads.Storage\Downloads.Storage.csproj", "{B0203CCC-CB72-4692-9A10-93F21AC09A97}"
EndProject
Project("{FAE04EC0-301F-11D3-BF4B-00C04F79EFBC}") = "Downloads.Worker", "Downloads.Worker\Downloads.Worker.csproj", "{C27034F7-9259-44EA-B6DC-E81B42A1BFC4}"
EndProject
Global
	GlobalSection(SolutionConfigurationPlatforms) = preSolution
		Debug|Any CPU = Debug|Any CPU
		Release|Any CPU = Release|Any CPU
	EndGlobalSection
	GlobalSection(ProjectConfigurationPlatforms) = postSolution
		{DF402F98-FC68-45E5-81C7-82933E604287}.Debug|Any CPU.ActiveCfg = Debug|Any CPU
		{DF402F98-FC68-45E5-81C7-82933E604287}.Debug|Any CPU.Build.0 = Debug|Any CPU
		{DF402F98-FC68-45E5-81C7-82933E604287}.Release|Any CPU.ActiveCfg = Release|Any CPU
		{DF402F98-FC68-45E5-81C7-82933E604287}.Release|Any CPU.Build.0 = Release|Any CPU
		{D884ADC0-E17F-4ABD-B943-40C04BCF167E}.Debug|Any CPU.ActiveCfg = Debug|Any CPU
		{D884ADC0-E17F-4ABD-B943-40C04BCF167E}.Debug|Any CPU.Build.0 = Debug|Any CPU
		{D884ADC0-E17F-4ABD-B943-40C04BCF167E}.Release|Any CPU.ActiveCfg = Release|Any CPU
		{D884ADC0-E17F-4ABD-B943-40C04BCF167E}.Release|Any CPU.Build.0 = Release|Any CPU
		{B0203CCC-CB72-4692-9A10-93F21AC09A97}.Debug|Any CPU.ActiveCfg = Debug|Any CPU
		{B0203CCC-CB72-4692-9A10-93F21AC09A97}.Debug|Any CPU.Build.0 = Debug|Any CPU
		{B0203CCC-CB72-4692-9A10-93F21AC09A97}.Release|Any CPU.ActiveCfg = Release|Any CPU
		{B0203CCC-CB72-4692-9A10-93F21AC09A97}.Release|Any CPU.Build.0 = Release|Any CPU
		{C27034F7-9259-44EA-B6DC-E81B42A1BFC4}.Debug|Any CPU.ActiveCfg = Debug|Any CPU
		{C27034F7-9259-44EA-B6DC-E81B42A1BFC4}.Debug|Any CPU.Build.0 = Debug|Any CPU
		{C27034F7-9259-44EA-B6DC-E81B42A1BFC4}.Release|Any CPU.ActiveCfg = Release|Any CPU
		{C27034F7-9259-44EA-B6DC-E81B42A1BFC4}.Release|Any CPU.Build.0 = Release|Any CPU
	EndGlobalSection
	GlobalSection(SolutionProperties) = preSolution
		HideSolutionNode = FALSE
	EndGlobalSection
	GlobalSection(ExtensibilityGlobals) = postSolution
		SolutionGuid = {BF26C85F-AAE4-46AE-8E93-F9EBBA2EC3EC}
	EndGlobalSection
EndGlobal
